# THIS IS AN AUTOGENERATED FILE. DO NOT EDIT THIS FILE DIRECTLY.
# yarn lockfile v1


skeleton-plus@^3.0.0:
  version "3.0.0"
  resolved "https://registry.yarnpkg.com/skeleton-plus/-/skeleton-plus-3.0.0.tgz#d0cda6a9f246b57bafb89365b828fc80940d647e"
  integrity sha512-jACGbvf1ffgvuBRHq2324b8cX2OqR4ukwxM75SANslY5fmcC8WDazp6/X536mAeJt4oASkLB07AjUZ9Kdd9mxA==
